
Microsoft Visual Studio Solution File, Format Version 12.00
# Visual Studio Version 17
VisualStudioVersion = 17.3.32901.215
MinimumVisualStudioVersion = 10.0.40219.1
Project("{9A19103F-16F7-4668-BE54-9A1E7A4F7556}") = "SmartWash", "SmartWash\SmartWash.csproj", "{97B7E3ED-C123-4AF2-BACF-C7B6BB130D55}"
EndProject
Project("{2150E333-8FDC-42A3-9474-1A3956D46DE8}") = "DAL", "DAL", "{77E90868-1EF8-4544-8443-17213DB6613B}"
EndProject
Project("{FAE04EC0-301F-11D3-BF4B-00C04F79EFBC}") = "SmartWash.DAL", "SmartWash.DAL\SmartWash.DAL.csproj", "{DA1B4C4A-B712-474E-BDA5-16799FEBFBEC}"
EndProject
Global
	GlobalSection(SolutionConfigurationPlatforms) = preSolution
		Debug|Any CPU = Debug|Any CPU
		Release|Any CPU = Release|Any CPU
	EndGlobalSection
	GlobalSection(ProjectConfigurationPlatforms) = postSolution
		{97B7E3ED-C123-4AF2-BACF-C7B6BB130D55}.Debug|Any CPU.ActiveCfg = Debug|Any CPU
		{97B7E3ED-C123-4AF2-BACF-C7B6BB130D55}.Debug|Any CPU.Build.0 = Debug|Any CPU
		{97B7E3ED-C123-4AF2-BACF-C7B6BB130D55}.Release|Any CPU.ActiveCfg = Release|Any CPU
		{97B7E3ED-C123-4AF2-BACF-C7B6BB130D55}.Release|Any CPU.Build.0 = Release|Any CPU
		{DA1B4C4A-B712-474E-BDA5-16799FEBFBEC}.Debug|Any CPU.ActiveCfg = Debug|Any CPU
		{DA1B4C4A-B712-474E-BDA5-16799FEBFBEC}.Debug|Any CPU.Build.0 = Debug|Any CPU
		{DA1B4C4A-B712-474E-BDA5-16799FEBFBEC}.Release|Any CPU.ActiveCfg = Release|Any CPU
		{DA1B4C4A-B712-474E-BDA5-16799FEBFBEC}.Release|Any CPU.Build.0 = Release|Any CPU
	EndGlobalSection
	GlobalSection(SolutionProperties) = preSolution
		HideSolutionNode = FALSE
	EndGlobalSection
	GlobalSection(NestedProjects) = preSolution
		{DA1B4C4A-B712-474E-BDA5-16799FEBFBEC} = {77E90868-1EF8-4544-8443-17213DB6613B}
	EndGlobalSection
	GlobalSection(ExtensibilityGlobals) = postSolution
		SolutionGuid = {0F3DDA57-5A5C-4500-A330-C720ED61FF09}
	EndGlobalSection
EndGlobal
